
Microsoft Visual Studio Solution File, Format Version 12.00
# Visual Studio 15
VisualStudioVersion = 15.0.28010.2026
MinimumVisualStudioVersion = 10.0.40219.1
Project("{9A19103F-16F7-4668-BE54-9A1E7A4F7556}") = "Memento", "Memento\Memento.csproj", "{145938A6-AFFA-486C-AAD4-8CC4C13A1BAF}"
EndProject
Project("{9A19103F-16F7-4668-BE54-9A1E7A4F7556}") = "ChainOfResponsibility", "ChainOfResponsibility\ChainOfResponsibility.csproj", "{120DA806-D6B9-4612-AACA-6DEECE42A6BF}"
EndProject
Project("{9A19103F-16F7-4668-BE54-9A1E7A4F7556}") = "Command", "Command\Command.csproj", "{95064271-E47D-4F39-8E48-90A562A4E051}"
EndProject
Project("{FAE04EC0-301F-11D3-BF4B-00C04F79EFBC}") = "Interpreter", "Interpreter\Interpreter.csproj", "{C9CD5B4B-5421-4D78-9E57-E8353F9172D3}"
EndProject
Global
	GlobalSection(SolutionConfigurationPlatforms) = preSolution
		Debug|Any CPU = Debug|Any CPU
		Release|Any CPU = Release|Any CPU
	EndGlobalSection
	GlobalSection(ProjectConfigurationPlatforms) = postSolution
		{145938A6-AFFA-486C-AAD4-8CC4C13A1BAF}.Debug|Any CPU.ActiveCfg = Debug|Any CPU
		{145938A6-AFFA-486C-AAD4-8CC4C13A1BAF}.Debug|Any CPU.Build.0 = Debug|Any CPU
		{145938A6-AFFA-486C-AAD4-8CC4C13A1BAF}.Release|Any CPU.ActiveCfg = Release|Any CPU
		{145938A6-AFFA-486C-AAD4-8CC4C13A1BAF}.Release|Any CPU.Build.0 = Release|Any CPU
		{120DA806-D6B9-4612-AACA-6DEECE42A6BF}.Debug|Any CPU.ActiveCfg = Debug|Any CPU
		{120DA806-D6B9-4612-AACA-6DEECE42A6BF}.Debug|Any CPU.Build.0 = Debug|Any CPU
		{120DA806-D6B9-4612-AACA-6DEECE42A6BF}.Release|Any CPU.ActiveCfg = Release|Any CPU
		{120DA806-D6B9-4612-AACA-6DEECE42A6BF}.Release|Any CPU.Build.0 = Release|Any CPU
		{95064271-E47D-4F39-8E48-90A562A4E051}.Debug|Any CPU.ActiveCfg = Debug|Any CPU
		{95064271-E47D-4F39-8E48-90A562A4E051}.Debug|Any CPU.Build.0 = Debug|Any CPU
		{95064271-E47D-4F39-8E48-90A562A4E051}.Release|Any CPU.ActiveCfg = Release|Any CPU
		{95064271-E47D-4F39-8E48-90A562A4E051}.Release|Any CPU.Build.0 = Release|Any CPU
		{C9CD5B4B-5421-4D78-9E57-E8353F9172D3}.Debug|Any CPU.ActiveCfg = Debug|Any CPU
		{C9CD5B4B-5421-4D78-9E57-E8353F9172D3}.Debug|Any CPU.Build.0 = Debug|Any CPU
		{C9CD5B4B-5421-4D78-9E57-E8353F9172D3}.Release|Any CPU.ActiveCfg = Release|Any CPU
		{C9CD5B4B-5421-4D78-9E57-E8353F9172D3}.Release|Any CPU.Build.0 = Release|Any CPU
	EndGlobalSection
	GlobalSection(SolutionProperties) = preSolution
		HideSolutionNode = FALSE
	EndGlobalSection
	GlobalSection(ExtensibilityGlobals) = postSolution
		SolutionGuid = {995828FF-7A3D-48D8-B65A-7B7313F5BCFF}
	EndGlobalSection
EndGlobal
