
Microsoft Visual Studio Solution File, Format Version 12.00
# Visual Studio Version 17
VisualStudioVersion = 17.6.33829.357
MinimumVisualStudioVersion = 10.0.40219.1
Project("{9A19103F-16F7-4668-BE54-9A1E7A4F7556}") = "MementoSample", "Behavioral\MementoSample\MementoSample.csproj", "{145938A6-AFFA-486C-AAD4-8CC4C13A1BAF}"
EndProject
Project("{9A19103F-16F7-4668-BE54-9A1E7A4F7556}") = "ChainOfResponsibilitySample", "Behavioral\ChainOfResponsibilitySample\ChainOfResponsibilitySample.csproj", "{120DA806-D6B9-4612-AACA-6DEECE42A6BF}"
EndProject
Project("{9A19103F-16F7-4668-BE54-9A1E7A4F7556}") = "CommandSample", "Behavioral\CommandSample\CommandSample.csproj", "{95064271-E47D-4F39-8E48-90A562A4E051}"
EndProject
Project("{9A19103F-16F7-4668-BE54-9A1E7A4F7556}") = "InterpreterSample", "Behavioral\InterpreterSample\InterpreterSample.csproj", "{C9CD5B4B-5421-4D78-9E57-E8353F9172D3}"
EndProject
Project("{9A19103F-16F7-4668-BE54-9A1E7A4F7556}") = "IteratorSample", "Behavioral\IteratorSample\IteratorSample.csproj", "{87732EF1-669A-4E4E-8B2A-501CC367A015}"
EndProject
Project("{9A19103F-16F7-4668-BE54-9A1E7A4F7556}") = "MediatorSample", "Behavioral\MediatorSample\MediatorSample.csproj", "{46DF79C3-2BEC-4383-8681-3FE99398231D}"
EndProject
Project("{2150E333-8FDC-42A3-9474-1A3956D46DE8}") = "Behavioral", "Behavioral", "{97759316-D605-4DDE-B69E-759E5947CFC0}"
EndProject
Project("{9A19103F-16F7-4668-BE54-9A1E7A4F7556}") = "ObserverSample", "Behavioral\ObserverSample\ObserverSample.csproj", "{EF1B5D24-7F23-4BC6-B5D5-E148B7E2E2D5}"
EndProject
Project("{2150E333-8FDC-42A3-9474-1A3956D46DE8}") = "Solution Items", "Solution Items", "{60D2ECDB-9E0F-448D-9035-114D65501F29}"
	ProjectSection(SolutionItems) = preProject
		.editorconfig = .editorconfig
	EndProjectSection
EndProject
Project("{9A19103F-16F7-4668-BE54-9A1E7A4F7556}") = "StateSample", "Behavioral\StateSample\StateSample.csproj", "{17ED5DED-58BE-4E49-9858-0E2825E735C6}"
EndProject
Project("{FAE04EC0-301F-11D3-BF4B-00C04F79EFBC}") = "StrategySample", "StrategySample\StrategySample.csproj", "{CA125C6C-ADEE-4D6F-8F1F-73C72EE8C4DF}"
EndProject
Global
	GlobalSection(SolutionConfigurationPlatforms) = preSolution
		Debug|Any CPU = Debug|Any CPU
		Release|Any CPU = Release|Any CPU
	EndGlobalSection
	GlobalSection(ProjectConfigurationPlatforms) = postSolution
		{145938A6-AFFA-486C-AAD4-8CC4C13A1BAF}.Debug|Any CPU.ActiveCfg = Debug|Any CPU
		{145938A6-AFFA-486C-AAD4-8CC4C13A1BAF}.Debug|Any CPU.Build.0 = Debug|Any CPU
		{145938A6-AFFA-486C-AAD4-8CC4C13A1BAF}.Release|Any CPU.ActiveCfg = Release|Any CPU
		{145938A6-AFFA-486C-AAD4-8CC4C13A1BAF}.Release|Any CPU.Build.0 = Release|Any CPU
		{120DA806-D6B9-4612-AACA-6DEECE42A6BF}.Debug|Any CPU.ActiveCfg = Debug|Any CPU
		{120DA806-D6B9-4612-AACA-6DEECE42A6BF}.Debug|Any CPU.Build.0 = Debug|Any CPU
		{120DA806-D6B9-4612-AACA-6DEECE42A6BF}.Release|Any CPU.ActiveCfg = Release|Any CPU
		{120DA806-D6B9-4612-AACA-6DEECE42A6BF}.Release|Any CPU.Build.0 = Release|Any CPU
		{95064271-E47D-4F39-8E48-90A562A4E051}.Debug|Any CPU.ActiveCfg = Debug|Any CPU
		{95064271-E47D-4F39-8E48-90A562A4E051}.Debug|Any CPU.Build.0 = Debug|Any CPU
		{95064271-E47D-4F39-8E48-90A562A4E051}.Release|Any CPU.ActiveCfg = Release|Any CPU
		{95064271-E47D-4F39-8E48-90A562A4E051}.Release|Any CPU.Build.0 = Release|Any CPU
		{C9CD5B4B-5421-4D78-9E57-E8353F9172D3}.Debug|Any CPU.ActiveCfg = Debug|Any CPU
		{C9CD5B4B-5421-4D78-9E57-E8353F9172D3}.Debug|Any CPU.Build.0 = Debug|Any CPU
		{C9CD5B4B-5421-4D78-9E57-E8353F9172D3}.Release|Any CPU.ActiveCfg = Release|Any CPU
		{C9CD5B4B-5421-4D78-9E57-E8353F9172D3}.Release|Any CPU.Build.0 = Release|Any CPU
		{87732EF1-669A-4E4E-8B2A-501CC367A015}.Debug|Any CPU.ActiveCfg = Debug|Any CPU
		{87732EF1-669A-4E4E-8B2A-501CC367A015}.Debug|Any CPU.Build.0 = Debug|Any CPU
		{87732EF1-669A-4E4E-8B2A-501CC367A015}.Release|Any CPU.ActiveCfg = Release|Any CPU
		{87732EF1-669A-4E4E-8B2A-501CC367A015}.Release|Any CPU.Build.0 = Release|Any CPU
		{46DF79C3-2BEC-4383-8681-3FE99398231D}.Debug|Any CPU.ActiveCfg = Debug|Any CPU
		{46DF79C3-2BEC-4383-8681-3FE99398231D}.Debug|Any CPU.Build.0 = Debug|Any CPU
		{46DF79C3-2BEC-4383-8681-3FE99398231D}.Release|Any CPU.ActiveCfg = Release|Any CPU
		{46DF79C3-2BEC-4383-8681-3FE99398231D}.Release|Any CPU.Build.0 = Release|Any CPU
		{EF1B5D24-7F23-4BC6-B5D5-E148B7E2E2D5}.Debug|Any CPU.ActiveCfg = Debug|Any CPU
		{EF1B5D24-7F23-4BC6-B5D5-E148B7E2E2D5}.Debug|Any CPU.Build.0 = Debug|Any CPU
		{EF1B5D24-7F23-4BC6-B5D5-E148B7E2E2D5}.Release|Any CPU.ActiveCfg = Release|Any CPU
		{EF1B5D24-7F23-4BC6-B5D5-E148B7E2E2D5}.Release|Any CPU.Build.0 = Release|Any CPU
		{17ED5DED-58BE-4E49-9858-0E2825E735C6}.Debug|Any CPU.ActiveCfg = Debug|Any CPU
		{17ED5DED-58BE-4E49-9858-0E2825E735C6}.Debug|Any CPU.Build.0 = Debug|Any CPU
		{17ED5DED-58BE-4E49-9858-0E2825E735C6}.Release|Any CPU.ActiveCfg = Release|Any CPU
		{17ED5DED-58BE-4E49-9858-0E2825E735C6}.Release|Any CPU.Build.0 = Release|Any CPU
		{CA125C6C-ADEE-4D6F-8F1F-73C72EE8C4DF}.Debug|Any CPU.ActiveCfg = Debug|Any CPU
		{CA125C6C-ADEE-4D6F-8F1F-73C72EE8C4DF}.Debug|Any CPU.Build.0 = Debug|Any CPU
		{CA125C6C-ADEE-4D6F-8F1F-73C72EE8C4DF}.Release|Any CPU.ActiveCfg = Release|Any CPU
		{CA125C6C-ADEE-4D6F-8F1F-73C72EE8C4DF}.Release|Any CPU.Build.0 = Release|Any CPU
	EndGlobalSection
	GlobalSection(SolutionProperties) = preSolution
		HideSolutionNode = FALSE
	EndGlobalSection
	GlobalSection(NestedProjects) = preSolution
		{145938A6-AFFA-486C-AAD4-8CC4C13A1BAF} = {97759316-D605-4DDE-B69E-759E5947CFC0}
		{120DA806-D6B9-4612-AACA-6DEECE42A6BF} = {97759316-D605-4DDE-B69E-759E5947CFC0}
		{95064271-E47D-4F39-8E48-90A562A4E051} = {97759316-D605-4DDE-B69E-759E5947CFC0}
		{C9CD5B4B-5421-4D78-9E57-E8353F9172D3} = {97759316-D605-4DDE-B69E-759E5947CFC0}
		{87732EF1-669A-4E4E-8B2A-501CC367A015} = {97759316-D605-4DDE-B69E-759E5947CFC0}
		{46DF79C3-2BEC-4383-8681-3FE99398231D} = {97759316-D605-4DDE-B69E-759E5947CFC0}
		{EF1B5D24-7F23-4BC6-B5D5-E148B7E2E2D5} = {97759316-D605-4DDE-B69E-759E5947CFC0}
		{17ED5DED-58BE-4E49-9858-0E2825E735C6} = {97759316-D605-4DDE-B69E-759E5947CFC0}
		{CA125C6C-ADEE-4D6F-8F1F-73C72EE8C4DF} = {97759316-D605-4DDE-B69E-759E5947CFC0}
	EndGlobalSection
	GlobalSection(ExtensibilityGlobals) = postSolution
		SolutionGuid = {995828FF-7A3D-48D8-B65A-7B7313F5BCFF}
	EndGlobalSection
EndGlobal
